
Microsoft Visual Studio Solution File, Format Version 12.00
# Visual Studio Version 16
VisualStudioVersion = 16.0.30804.86
MinimumVisualStudioVersion = 10.0.40219.1
Project("{FAE04EC0-301F-11D3-BF4B-00C04F79EFBC}") = "vietlot", "vietlot\vietlot.csproj", "{64B5F9D6-AFBA-487F-BA57-220CEE5CAEE4}"
EndProject
Global
	GlobalSection(SolutionConfigurationPlatforms) = preSolution
		Debug|Any CPU = Debug|Any CPU
		Release|Any CPU = Release|Any CPU
	EndGlobalSection
	GlobalSection(ProjectConfigurationPlatforms) = postSolution
		{64B5F9D6-AFBA-487F-BA57-220CEE5CAEE4}.Debug|Any CPU.ActiveCfg = Debug|Any CPU
		{64B5F9D6-AFBA-487F-BA57-220CEE5CAEE4}.Debug|Any CPU.Build.0 = Debug|Any CPU
		{64B5F9D6-AFBA-487F-BA57-220CEE5CAEE4}.Release|Any CPU.ActiveCfg = Release|Any CPU
		{64B5F9D6-AFBA-487F-BA57-220CEE5CAEE4}.Release|Any CPU.Build.0 = Release|Any CPU
	EndGlobalSection
	GlobalSection(SolutionProperties) = preSolution
		HideSolutionNode = FALSE
	EndGlobalSection
	GlobalSection(ExtensibilityGlobals) = postSolution
		SolutionGuid = {68731C77-8D27-498E-9E06-3E305C53D3F7}
	EndGlobalSection
EndGlobal
